
Microsoft Visual Studio Solution File, Format Version 12.00
# Visual Studio Version 17
VisualStudioVersion = 17.7.34031.279
MinimumVisualStudioVersion = 10.0.40219.1
Project("{9A19103F-16F7-4668-BE54-9A1E7A4F7556}") = "Volquete", "Volquete\Volquete.csproj", "{CB73EECB-5024-4093-B8F0-EDC79A60D2CA}"
EndProject
Project("{9A19103F-16F7-4668-BE54-9A1E7A4F7556}") = "Entidades", "Entidades\Entidades.csproj", "{64397EAC-0E8B-487A-8CFC-70B12E75B17B}"
EndProject
Global
	GlobalSection(SolutionConfigurationPlatforms) = preSolution
		Debug|Any CPU = Debug|Any CPU
		Release|Any CPU = Release|Any CPU
	EndGlobalSection
	GlobalSection(ProjectConfigurationPlatforms) = postSolution
		{CB73EECB-5024-4093-B8F0-EDC79A60D2CA}.Debug|Any CPU.ActiveCfg = Debug|Any CPU
		{CB73EECB-5024-4093-B8F0-EDC79A60D2CA}.Debug|Any CPU.Build.0 = Debug|Any CPU
		{CB73EECB-5024-4093-B8F0-EDC79A60D2CA}.Release|Any CPU.ActiveCfg = Release|Any CPU
		{CB73EECB-5024-4093-B8F0-EDC79A60D2CA}.Release|Any CPU.Build.0 = Release|Any CPU
		{64397EAC-0E8B-487A-8CFC-70B12E75B17B}.Debug|Any CPU.ActiveCfg = Debug|Any CPU
		{64397EAC-0E8B-487A-8CFC-70B12E75B17B}.Debug|Any CPU.Build.0 = Debug|Any CPU
		{64397EAC-0E8B-487A-8CFC-70B12E75B17B}.Release|Any CPU.ActiveCfg = Release|Any CPU
		{64397EAC-0E8B-487A-8CFC-70B12E75B17B}.Release|Any CPU.Build.0 = Release|Any CPU
	EndGlobalSection
	GlobalSection(SolutionProperties) = preSolution
		HideSolutionNode = FALSE
	EndGlobalSection
	GlobalSection(ExtensibilityGlobals) = postSolution
		SolutionGuid = {EBFDCAB0-7A04-42A4-9314-7B7CCE7F11BC}
	EndGlobalSection
EndGlobal
